
Microsoft Visual Studio Solution File, Format Version 11.00
# Visual Studio 2010
Project("{FAE04EC0-301F-11D3-BF4B-00C04F79EFBC}") = "program1", "program1\program1.csproj", "{75AD89CE-0E75-4A8F-A4B9-892EC6C236CC}"
EndProject
Global
	GlobalSection(SolutionConfigurationPlatforms) = preSolution
		Debug|x86 = Debug|x86
		Release|x86 = Release|x86
	EndGlobalSection
	GlobalSection(ProjectConfigurationPlatforms) = postSolution
		{75AD89CE-0E75-4A8F-A4B9-892EC6C236CC}.Debug|x86.ActiveCfg = Debug|x86
		{75AD89CE-0E75-4A8F-A4B9-892EC6C236CC}.Debug|x86.Build.0 = Debug|x86
		{75AD89CE-0E75-4A8F-A4B9-892EC6C236CC}.Release|x86.ActiveCfg = Release|x86
		{75AD89CE-0E75-4A8F-A4B9-892EC6C236CC}.Release|x86.Build.0 = Release|x86
	EndGlobalSection
	GlobalSection(SolutionProperties) = preSolution
		HideSolutionNode = FALSE
	EndGlobalSection
EndGlobal
